{
  "name": "cc2145a2fe1558fa",
  "lockfileVersion": 3,
  "requires": true,
  "packages": {
    "": {
      "dependencies": {
        "create-next-app": "^15.5.6"
      }
    },
    "node_modules/create-next-app": {
      "version": "15.5.6",
      "resolved": "https://registry.npmjs.org/create-next-app/-/create-next-app-15.5.6.tgz",
      "integrity": "sha512-hR3RQU30AxdMESuXFoKPQuAbKFJMkrBXTBsN9XXHsiSivO76mBLohgJt2f2DC/KjJYF0vn6G2af+BmX1klSM6A==",
      "license": "MIT",
      "bin": {
        "create-next-app": "dist/index.js"
      },
      "engines": {
        "node": ">=18.18.0"
      }
    }
  }
}
